
Microsoft Visual Studio Solution File, Format Version 12.00
# Visual Studio Version 17
VisualStudioVersion = 17.6.33712.159
MinimumVisualStudioVersion = 10.0.40219.1
Project("{FAE04EC0-301F-11D3-BF4B-00C04F79EFBC}") = "vijezba3", "vijezba3\vijezba3.csproj", "{C92F6941-6EDE-482C-B3D7-C013A34FF9E0}"
EndProject
Global
	GlobalSection(SolutionConfigurationPlatforms) = preSolution
		Debug|Any CPU = Debug|Any CPU
		Release|Any CPU = Release|Any CPU
	EndGlobalSection
	GlobalSection(ProjectConfigurationPlatforms) = postSolution
		{C92F6941-6EDE-482C-B3D7-C013A34FF9E0}.Debug|Any CPU.ActiveCfg = Debug|Any CPU
		{C92F6941-6EDE-482C-B3D7-C013A34FF9E0}.Debug|Any CPU.Build.0 = Debug|Any CPU
		{C92F6941-6EDE-482C-B3D7-C013A34FF9E0}.Release|Any CPU.ActiveCfg = Release|Any CPU
		{C92F6941-6EDE-482C-B3D7-C013A34FF9E0}.Release|Any CPU.Build.0 = Release|Any CPU
	EndGlobalSection
	GlobalSection(SolutionProperties) = preSolution
		HideSolutionNode = FALSE
	EndGlobalSection
	GlobalSection(ExtensibilityGlobals) = postSolution
		SolutionGuid = {0F4F69C1-01E3-4235-AD38-DB2B0EF1D6E8}
	EndGlobalSection
EndGlobal
